{
  "projects": [
    {
      "projectId": "sqPBLwEBBKHA2WDuGb17eV",
      "version": "0.9.0",
      "dependencies": {},
      "lang": "ts",
      "fileLocks": [
        {
          "assetId": "sqPBLwEBBKHA2WDuGb17eV",
          "type": "projectCss",
          "checksum": "e1ec850476829c38b0f9b6d4f7ac446a"
        },
        {
          "type": "renderModule",
          "assetId": "5nirPCGmCnRD",
          "checksum": "b23b5d214c1c36ef95e6ade4dca2edad"
        },
        {
          "type": "cssRules",
          "assetId": "5nirPCGmCnRD",
          "checksum": "b23b5d214c1c36ef95e6ade4dca2edad"
        },
        {
          "type": "icon",
          "assetId": "Wyt3GMMsLefj",
          "checksum": "d8c88f04735c43b3f7790b0889d20e0c"
        },
        {
          "type": "icon",
          "assetId": "MbDRsJU0e3bw",
          "checksum": "92672aa6935120ebaac11939d8d127bb"
        }
      ],
      "codegenVersion": "0.0.1"
    },
    {
      "projectId": "7nJ7UcFmq9UzB6eXfC5z4a",
      "version": "0.26.0",
      "dependencies": {},
      "lang": "ts",
      "fileLocks": [
        {
          "assetId": "7nJ7UcFmq9UzB6eXfC5z4a",
          "type": "projectCss",
          "checksum": "05587b57f22f0ec8bb54543deb39762e"
        }
      ],
      "codegenVersion": "0.0.1"
    },
    {
      "projectId": "caTPwKxj5ZrD9LQ7DMdK4Z",
      "version": "3.34.0",
      "dependencies": {},
      "lang": "ts",
      "fileLocks": [
        {
          "assetId": "caTPwKxj5ZrD9LQ7DMdK4Z",
          "type": "projectCss",
          "checksum": "e1ec850476829c38b0f9b6d4f7ac446a"
        }
      ],
      "codegenVersion": "0.0.1"
    },
    {
      "projectId": "jkU633o1Cz7HrJdwdxhVHk",
      "version": "16.7.0",
      "dependencies": {},
      "lang": "ts",
      "fileLocks": [
        {
          "assetId": "jkU633o1Cz7HrJdwdxhVHk",
          "type": "projectCss",
          "checksum": "0581d4378bb1604bb5fe3f65bb0a37de"
        }
      ],
      "codegenVersion": "0.0.1"
    },
    {
      "projectId": "ohDidvG9XsCeFumugENU3J",
      "version": "6.20.0",
      "dependencies": {},
      "lang": "ts",
      "fileLocks": [
        {
          "assetId": "ohDidvG9XsCeFumugENU3J",
          "type": "projectCss",
          "checksum": "fd83b730367fdbde2c69bc6cf31c2a3c"
        },
        {
          "assetId": "ohDidvG9XsCeFumugENU3J",
          "checksum": "de0a0e65174a6a185a8f822af51c6bdd",
          "type": "globalContexts"
        }
      ],
      "codegenVersion": "0.0.1"
    },
    {
      "projectId": "bgrEjR4gGnPuYqLGQjeP4y",
      "version": "latest",
      "dependencies": {
        "ohDidvG9XsCeFumugENU3J": "6.20.0",
        "jkU633o1Cz7HrJdwdxhVHk": "16.7.0",
        "caTPwKxj5ZrD9LQ7DMdK4Z": "3.34.0",
        "7nJ7UcFmq9UzB6eXfC5z4a": "0.26.0",
        "sqPBLwEBBKHA2WDuGb17eV": "0.9.0"
      },
      "lang": "ts",
      "fileLocks": [
        {
          "type": "globalVariant",
          "assetId": "CCtbpR9aU__6",
          "checksum": "7cd4a405e6bae9d465ee6f8c5987eb1f"
        },
        {
          "assetId": "bgrEjR4gGnPuYqLGQjeP4y",
          "checksum": "f1eb801b2643996395531ebb757d5459",
          "type": "globalContexts"
        },
        {
          "type": "renderModule",
          "assetId": "pakgEB4oP13O",
          "checksum": "c42036021f671babd036472bde546a0b"
        },
        {
          "type": "cssRules",
          "assetId": "pakgEB4oP13O",
          "checksum": "c42036021f671babd036472bde546a0b"
        },
        {
          "type": "renderModule",
          "assetId": "Cz4UVbn1HIIn",
          "checksum": "a05e0a1163af94efa9162af5305554c5"
        },
        {
          "type": "cssRules",
          "assetId": "Cz4UVbn1HIIn",
          "checksum": "a05e0a1163af94efa9162af5305554c5"
        },
        {
          "type": "renderModule",
          "assetId": "R5FZTb6dO-Yu",
          "checksum": "62b8e3e63acf42d4b257e6b83241c7a5"
        },
        {
          "type": "cssRules",
          "assetId": "R5FZTb6dO-Yu",
          "checksum": "62b8e3e63acf42d4b257e6b83241c7a5"
        },
        {
          "type": "renderModule",
          "assetId": "nhYQSvlC96hQ",
          "checksum": "75d12f44d3551fe57161a4a573393db2"
        },
        {
          "type": "cssRules",
          "assetId": "nhYQSvlC96hQ",
          "checksum": "75d12f44d3551fe57161a4a573393db2"
        },
        {
          "type": "renderModule",
          "assetId": "2EtTDdUkYqrf",
          "checksum": "534f0990f029ef35a4d5d93618ff435a"
        },
        {
          "type": "cssRules",
          "assetId": "2EtTDdUkYqrf",
          "checksum": "534f0990f029ef35a4d5d93618ff435a"
        },
        {
          "type": "renderModule",
          "assetId": "AGdV48pqAuye",
          "checksum": "ca63306e31022bef5a215826c1803707"
        },
        {
          "type": "cssRules",
          "assetId": "AGdV48pqAuye",
          "checksum": "ca63306e31022bef5a215826c1803707"
        },
        {
          "type": "renderModule",
          "assetId": "OHFxaDdjW_pF",
          "checksum": "4e13c8001d18dc8b28dc45e3d3adc02e"
        },
        {
          "type": "cssRules",
          "assetId": "OHFxaDdjW_pF",
          "checksum": "4e13c8001d18dc8b28dc45e3d3adc02e"
        },
        {
          "type": "renderModule",
          "assetId": "4zIZYOBjXrxT",
          "checksum": "93dd618246eb9c3446e0e29d6b5bc4dd"
        },
        {
          "type": "cssRules",
          "assetId": "4zIZYOBjXrxT",
          "checksum": "93dd618246eb9c3446e0e29d6b5bc4dd"
        },
        {
          "type": "icon",
          "assetId": "U2IBHMUDKU1z",
          "checksum": "ef8b32ec013e09ac76fc82bce9dd42e3"
        },
        {
          "type": "icon",
          "assetId": "MYRX8LPNKk6g",
          "checksum": "c67a5589777616d36270dc81e1168337"
        },
        {
          "type": "icon",
          "assetId": "4n-ta3R4--8k",
          "checksum": "bd04374e7d721c7f03c5d13ef7d2e429"
        },
        {
          "type": "icon",
          "assetId": "3hWz96F-THcV",
          "checksum": "2ef3421560b27f74af4cfae2aeafceba"
        },
        {
          "type": "image",
          "assetId": "UCcHZYXVHr8K",
          "checksum": "1893fede020d73b6244f3d3cd896d058"
        },
        {
          "type": "image",
          "assetId": "mxCradd__IHg",
          "checksum": "f0d8338e825379222b7538802b8775df"
        },
        {
          "assetId": "bgrEjR4gGnPuYqLGQjeP4y",
          "type": "projectCss",
          "checksum": "d00a3f97277bb6d3d5446fb2fb41f095"
        }
      ],
      "codegenVersion": "0.0.1"
    },
    {
      "projectId": "mqxdhm5p6WHAt7hW1mdcCX",
      "version": "0.3.0",
      "dependencies": {},
      "lang": "ts",
      "fileLocks": [
        {
          "assetId": "mqxdhm5p6WHAt7hW1mdcCX",
          "type": "projectCss",
          "checksum": "e1ec850476829c38b0f9b6d4f7ac446a"
        }
      ],
      "codegenVersion": "0.0.1"
    },
    {
      "projectId": "dK9gXuaokWbGRgqav53Roj",
      "version": "latest",
      "dependencies": {
        "ohDidvG9XsCeFumugENU3J": "6.20.0",
        "jkU633o1Cz7HrJdwdxhVHk": "16.7.0",
        "caTPwKxj5ZrD9LQ7DMdK4Z": "3.34.0",
        "7nJ7UcFmq9UzB6eXfC5z4a": "0.26.0",
        "sqPBLwEBBKHA2WDuGb17eV": "0.9.0",
        "mqxdhm5p6WHAt7hW1mdcCX": "0.3.0"
      },
      "lang": "ts",
      "fileLocks": [
        {
          "type": "globalVariant",
          "assetId": "Ta5WW8U0vsm8",
          "checksum": "78adc87ed7f032b9625c65af9f0d4dc4"
        },
        {
          "assetId": "dK9gXuaokWbGRgqav53Roj",
          "checksum": "dfad1e1e156b55e539315120a0dfc1b5",
          "type": "globalContexts"
        },
        {
          "type": "renderModule",
          "assetId": "lNBL9bOcKc8C",
          "checksum": "60041a43118f2d4e9ccfaaa6be730cbd"
        },
        {
          "type": "cssRules",
          "assetId": "lNBL9bOcKc8C",
          "checksum": "60041a43118f2d4e9ccfaaa6be730cbd"
        },
        {
          "type": "renderModule",
          "assetId": "MKBce7v9ox0V",
          "checksum": "967d414b3215b4deb341ac6c8e27c1f8"
        },
        {
          "type": "cssRules",
          "assetId": "MKBce7v9ox0V",
          "checksum": "967d414b3215b4deb341ac6c8e27c1f8"
        },
        {
          "type": "renderModule",
          "assetId": "G-rmxo_HzCBy",
          "checksum": "f8cbecbafa39cb223f36461a5e4b7b88"
        },
        {
          "type": "cssRules",
          "assetId": "G-rmxo_HzCBy",
          "checksum": "f8cbecbafa39cb223f36461a5e4b7b88"
        },
        {
          "type": "renderModule",
          "assetId": "sdOW4HCB9nTz",
          "checksum": "66994b45eb2940eb28b43a5d89c42389"
        },
        {
          "type": "cssRules",
          "assetId": "sdOW4HCB9nTz",
          "checksum": "66994b45eb2940eb28b43a5d89c42389"
        },
        {
          "type": "renderModule",
          "assetId": "TZVWHwMytbM_",
          "checksum": "a706f9ca54dd450f64e29b95e4ef3331"
        },
        {
          "type": "cssRules",
          "assetId": "TZVWHwMytbM_",
          "checksum": "a706f9ca54dd450f64e29b95e4ef3331"
        },
        {
          "type": "renderModule",
          "assetId": "WjYg1GJgqoVX",
          "checksum": "57eb2b040868c566b099b67b0a2cfbb8"
        },
        {
          "type": "cssRules",
          "assetId": "WjYg1GJgqoVX",
          "checksum": "57eb2b040868c566b099b67b0a2cfbb8"
        },
        {
          "type": "renderModule",
          "assetId": "-tgUqREU9Sli",
          "checksum": "c59e7d687be319a959488405c479eda1"
        },
        {
          "type": "cssRules",
          "assetId": "-tgUqREU9Sli",
          "checksum": "c59e7d687be319a959488405c479eda1"
        },
        {
          "type": "renderModule",
          "assetId": "Pb7f8upYHocA",
          "checksum": "e18d29a5302d91d265d12fbd5d6a6ff1"
        },
        {
          "type": "cssRules",
          "assetId": "Pb7f8upYHocA",
          "checksum": "e18d29a5302d91d265d12fbd5d6a6ff1"
        },
        {
          "type": "renderModule",
          "assetId": "P8TxHN1Seo2c",
          "checksum": "b892122ff3770e967570f0679d8766fd"
        },
        {
          "type": "cssRules",
          "assetId": "P8TxHN1Seo2c",
          "checksum": "b892122ff3770e967570f0679d8766fd"
        },
        {
          "type": "renderModule",
          "assetId": "MnfuyCDt4mL2",
          "checksum": "cedf55e3296b0417e73d7a626c78cbfa"
        },
        {
          "type": "cssRules",
          "assetId": "MnfuyCDt4mL2",
          "checksum": "cedf55e3296b0417e73d7a626c78cbfa"
        },
        {
          "type": "renderModule",
          "assetId": "hsihclVHXvJ_",
          "checksum": "c5ca61cd3a354d95284e6f73de611364"
        },
        {
          "type": "cssRules",
          "assetId": "hsihclVHXvJ_",
          "checksum": "c5ca61cd3a354d95284e6f73de611364"
        },
        {
          "type": "renderModule",
          "assetId": "5v5uzPufmbGw",
          "checksum": "d0e8cb623298b5bc48229f2c27dcb0df"
        },
        {
          "type": "cssRules",
          "assetId": "5v5uzPufmbGw",
          "checksum": "d0e8cb623298b5bc48229f2c27dcb0df"
        },
        {
          "type": "renderModule",
          "assetId": "FYb5fbIPeIpK",
          "checksum": "a74a3073f7fd809314038b3e57fb42b2"
        },
        {
          "type": "cssRules",
          "assetId": "FYb5fbIPeIpK",
          "checksum": "a74a3073f7fd809314038b3e57fb42b2"
        },
        {
          "type": "renderModule",
          "assetId": "2sZjUorSwZdT",
          "checksum": "d96cd04730774103afb5339d98115390"
        },
        {
          "type": "cssRules",
          "assetId": "2sZjUorSwZdT",
          "checksum": "d96cd04730774103afb5339d98115390"
        },
        {
          "type": "icon",
          "assetId": "MSBDwJFj8_lD",
          "checksum": "ce3771eff6dc8459b378de855b8f558c"
        },
        {
          "type": "icon",
          "assetId": "sIgx4gzaD2M5",
          "checksum": "ecaaac319a665ebc94cedfa769d2baea"
        },
        {
          "type": "icon",
          "assetId": "gnIX0uTuWhAa",
          "checksum": "d546592e6f1a2e41bd6e914fa4ae0cb5"
        },
        {
          "type": "icon",
          "assetId": "nQ3xGVhjDD_8",
          "checksum": "a106250e3d491127c324e43ce1908bcc"
        },
        {
          "type": "icon",
          "assetId": "FfSyimRe5eEx",
          "checksum": "d45ee88bebb1cd215b9e6b9a2429cd8f"
        },
        {
          "type": "icon",
          "assetId": "oEmjQRpfuI6m",
          "checksum": "1482f0bcaff280850b288836cf383ee6"
        },
        {
          "type": "icon",
          "assetId": "RPmxbbZb_VLL",
          "checksum": "4606fe26eb216aabbb442875bece07b5"
        },
        {
          "type": "icon",
          "assetId": "l6RfODPUMXBV",
          "checksum": "32cffbcf2c626607863ad34ef88ccab6"
        },
        {
          "type": "icon",
          "assetId": "zBdW9K4E7Cg7",
          "checksum": "35c86ba73dde0d9377fea96621438238"
        },
        {
          "type": "image",
          "assetId": "IDXVtEZfs8gi",
          "checksum": "df5bca5ec0075ee354a7b0a129670758"
        },
        {
          "type": "image",
          "assetId": "kC9RQsjeSK2R",
          "checksum": "d51192f225c582cd32814f0c068810cc"
        },
        {
          "assetId": "dK9gXuaokWbGRgqav53Roj",
          "type": "projectCss",
          "checksum": "0dce1d69471194ff2272a58b3e7bcb3b"
        }
      ],
      "codegenVersion": "0.0.1"
    }
  ],
  "cliVersion": "0.1.327"
}
